
Microsoft Visual Studio Solution File, Format Version 12.00
# Visual Studio Version 17
VisualStudioVersion = 17.3.32714.290
MinimumVisualStudioVersion = 10.0.40219.1
Project("{FAE04EC0-301F-11D3-BF4B-00C04F79EFBC}") = "SQLiteDBCreator", "SQLiteDBCreator\SQLiteDBCreator.csproj", "{8701A53A-4EA3-43B0-9709-23ED17A4F86A}"
EndProject
Global
	GlobalSection(SolutionConfigurationPlatforms) = preSolution
		Debug|Any CPU = Debug|Any CPU
		Release|Any CPU = Release|Any CPU
	EndGlobalSection
	GlobalSection(ProjectConfigurationPlatforms) = postSolution
		{8701A53A-4EA3-43B0-9709-23ED17A4F86A}.Debug|Any CPU.ActiveCfg = Debug|Any CPU
		{8701A53A-4EA3-43B0-9709-23ED17A4F86A}.Debug|Any CPU.Build.0 = Debug|Any CPU
		{8701A53A-4EA3-43B0-9709-23ED17A4F86A}.Release|Any CPU.ActiveCfg = Release|Any CPU
		{8701A53A-4EA3-43B0-9709-23ED17A4F86A}.Release|Any CPU.Build.0 = Release|Any CPU
	EndGlobalSection
	GlobalSection(SolutionProperties) = preSolution
		HideSolutionNode = FALSE
	EndGlobalSection
	GlobalSection(ExtensibilityGlobals) = postSolution
		SolutionGuid = {C8DD5C21-DB11-451E-8EAB-BFB8558390D6}
	EndGlobalSection
EndGlobal
